{
  "requires": true,
  "lockfileVersion": 1,
  "dependencies": {
    "@carbon/icons": {
      "version": "10.6.1",
      "resolved": "https://registry.npmjs.org/@carbon/icons/-/icons-10.6.1.tgz",
      "integrity": "sha512-g7ciJbLN3l7oiZrWpKOiCDRDIAMG3oEf4STaFDRnqKP9pv4jpqoitSkzXDo9L8EmVi9Mp8IV8tAMlAp7DVZuHQ=="
    },
    "bootstrap-icons": {
      "version": "1.0.0-alpha",
      "resolved": "https://registry.npmjs.org/bootstrap-icons/-/bootstrap-icons-1.0.0-alpha.tgz",
      "integrity": "sha512-+Wl/TI3WTuLi6GIsUE1FQhAelRx95uv7pogEBOZcNY9K+u416O3BI1jwXjvkm0tZkmMeY+5KTD89ylRrjccNxw=="
    }
  }
}
